
Microsoft Visual Studio Solution File, Format Version 12.00
# Visual Studio Version 17
VisualStudioVersion = 17.0.31903.59
MinimumVisualStudioVersion = 10.0.40219.1
Project("{FAE04EC0-301F-11D3-BF4B-00C04F79EFBC}") = "BookStore.Core", "BookStore.Core\BookStore.Core.csproj", "{18B313A8-ABD5-4B77-ABB8-099107BCDCCB}"
EndProject
Project("{FAE04EC0-301F-11D3-BF4B-00C04F79EFBC}") = "BookStore.Application", "BookStore.Application\BookStore.Application.csproj", "{0F16F57B-B297-47FB-9786-98AE446591A4}"
EndProject
Project("{FAE04EC0-301F-11D3-BF4B-00C04F79EFBC}") = "BookStore.Infrastructure", "BookStore.Infrastructure\BookStore.Infrastructure.csproj", "{F2E6073F-EEDF-491C-A460-545072E50984}"
EndProject
Project("{FAE04EC0-301F-11D3-BF4B-00C04F79EFBC}") = "BookStore.WebUI", "BookStore.WebUI\BookStore.WebUI.csproj", "{40B5EA73-CE73-489A-A5E0-1BB41AEC17C1}"
EndProject
Global
	GlobalSection(SolutionConfigurationPlatforms) = preSolution
		Debug|Any CPU = Debug|Any CPU
		Release|Any CPU = Release|Any CPU
	EndGlobalSection
	GlobalSection(ProjectConfigurationPlatforms) = postSolution
		{18B313A8-ABD5-4B77-ABB8-099107BCDCCB}.Debug|Any CPU.ActiveCfg = Debug|Any CPU
		{18B313A8-ABD5-4B77-ABB8-099107BCDCCB}.Debug|Any CPU.Build.0 = Debug|Any CPU
		{18B313A8-ABD5-4B77-ABB8-099107BCDCCB}.Release|Any CPU.ActiveCfg = Release|Any CPU
		{18B313A8-ABD5-4B77-ABB8-099107BCDCCB}.Release|Any CPU.Build.0 = Release|Any CPU
		{0F16F57B-B297-47FB-9786-98AE446591A4}.Debug|Any CPU.ActiveCfg = Debug|Any CPU
		{0F16F57B-B297-47FB-9786-98AE446591A4}.Debug|Any CPU.Build.0 = Debug|Any CPU
		{0F16F57B-B297-47FB-9786-98AE446591A4}.Release|Any CPU.ActiveCfg = Release|Any CPU
		{0F16F57B-B297-47FB-9786-98AE446591A4}.Release|Any CPU.Build.0 = Release|Any CPU
		{F2E6073F-EEDF-491C-A460-545072E50984}.Debug|Any CPU.ActiveCfg = Debug|Any CPU
		{F2E6073F-EEDF-491C-A460-545072E50984}.Debug|Any CPU.Build.0 = Debug|Any CPU
		{F2E6073F-EEDF-491C-A460-545072E50984}.Release|Any CPU.ActiveCfg = Release|Any CPU
		{F2E6073F-EEDF-491C-A460-545072E50984}.Release|Any CPU.Build.0 = Release|Any CPU
		{40B5EA73-CE73-489A-A5E0-1BB41AEC17C1}.Debug|Any CPU.ActiveCfg = Debug|Any CPU
		{40B5EA73-CE73-489A-A5E0-1BB41AEC17C1}.Debug|Any CPU.Build.0 = Debug|Any CPU
		{40B5EA73-CE73-489A-A5E0-1BB41AEC17C1}.Release|Any CPU.ActiveCfg = Release|Any CPU
		{40B5EA73-CE73-489A-A5E0-1BB41AEC17C1}.Release|Any CPU.Build.0 = Release|Any CPU
	EndGlobalSection
	GlobalSection(SolutionProperties) = preSolution
		HideSolutionNode = FALSE
	EndGlobalSection
	GlobalSection(ExtensibilityGlobals) = postSolution
		SolutionGuid = {90A12F08-8EBA-4A96-9955-5E24E02D1EB7}
	EndGlobalSection
EndGlobal
